
Microsoft Visual Studio Solution File, Format Version 12.00
# Visual Studio Version 16
VisualStudioVersion = 16.0.28822.285
MinimumVisualStudioVersion = 10.0.40219.1
Project("{FAE04EC0-301F-11D3-BF4B-00C04F79EFBC}") = "DemoChatJSInterop", "DemoChatJSInterop\DemoChatJSInterop.csproj", "{AA89C796-36DE-4231-897C-F0CBF411CBB0}"
EndProject
Global
	GlobalSection(SolutionConfigurationPlatforms) = preSolution
		Debug|Any CPU = Debug|Any CPU
		Release|Any CPU = Release|Any CPU
	EndGlobalSection
	GlobalSection(ProjectConfigurationPlatforms) = postSolution
		{AA89C796-36DE-4231-897C-F0CBF411CBB0}.Debug|Any CPU.ActiveCfg = Debug|Any CPU
		{AA89C796-36DE-4231-897C-F0CBF411CBB0}.Debug|Any CPU.Build.0 = Debug|Any CPU
		{AA89C796-36DE-4231-897C-F0CBF411CBB0}.Release|Any CPU.ActiveCfg = Release|Any CPU
		{AA89C796-36DE-4231-897C-F0CBF411CBB0}.Release|Any CPU.Build.0 = Release|Any CPU
	EndGlobalSection
	GlobalSection(SolutionProperties) = preSolution
		HideSolutionNode = FALSE
	EndGlobalSection
	GlobalSection(ExtensibilityGlobals) = postSolution
		SolutionGuid = {69AF2482-FA12-4BFD-98AA-1F378E9C593F}
	EndGlobalSection
EndGlobal
